
Microsoft Visual Studio Solution File, Format Version 12.00
# Visual Studio Version 17
VisualStudioVersion = 17.11.35222.181
MinimumVisualStudioVersion = 10.0.40219.1
Project("{FAE04EC0-301F-11D3-BF4B-00C04F79EFBC}") = "ConsoleApp1", "ConsoleApp1\ConsoleApp1.csproj", "{DE21A638-69DE-4AEA-BA06-EC871C52E9F1}"
EndProject
Project("{FAE04EC0-301F-11D3-BF4B-00C04F79EFBC}") = "WinFormsApp1", "WinFormsApp1\WinFormsApp1.csproj", "{C6576CF9-CD71-4F9E-B079-156D3DD7BBE8}"
EndProject
Global
	GlobalSection(SolutionConfigurationPlatforms) = preSolution
		Debug|Any CPU = Debug|Any CPU
		Release|Any CPU = Release|Any CPU
	EndGlobalSection
	GlobalSection(ProjectConfigurationPlatforms) = postSolution
		{DE21A638-69DE-4AEA-BA06-EC871C52E9F1}.Debug|Any CPU.ActiveCfg = Debug|Any CPU
		{DE21A638-69DE-4AEA-BA06-EC871C52E9F1}.Debug|Any CPU.Build.0 = Debug|Any CPU
		{DE21A638-69DE-4AEA-BA06-EC871C52E9F1}.Release|Any CPU.ActiveCfg = Release|Any CPU
		{DE21A638-69DE-4AEA-BA06-EC871C52E9F1}.Release|Any CPU.Build.0 = Release|Any CPU
		{C6576CF9-CD71-4F9E-B079-156D3DD7BBE8}.Debug|Any CPU.ActiveCfg = Debug|Any CPU
		{C6576CF9-CD71-4F9E-B079-156D3DD7BBE8}.Debug|Any CPU.Build.0 = Debug|Any CPU
		{C6576CF9-CD71-4F9E-B079-156D3DD7BBE8}.Release|Any CPU.ActiveCfg = Release|Any CPU
		{C6576CF9-CD71-4F9E-B079-156D3DD7BBE8}.Release|Any CPU.Build.0 = Release|Any CPU
	EndGlobalSection
	GlobalSection(SolutionProperties) = preSolution
		HideSolutionNode = FALSE
	EndGlobalSection
	GlobalSection(ExtensibilityGlobals) = postSolution
		SolutionGuid = {93D1A80F-F9EB-4757-983D-B9ABD4F1A66B}
	EndGlobalSection
EndGlobal
